
Microsoft Visual Studio Solution File, Format Version 12.00
# Visual Studio Version 16
VisualStudioVersion = 16.0.30002.166
MinimumVisualStudioVersion = 10.0.40219.1
Project("{FAE04EC0-301F-11D3-BF4B-00C04F79EFBC}") = "LR3_CSaN", "LR3_CSaN\LR3_CSaN.csproj", "{E36E837A-5BCF-4F8B-86CA-ADD750D0CBA1}"
EndProject
Global
	GlobalSection(SolutionConfigurationPlatforms) = preSolution
		Debug|Any CPU = Debug|Any CPU
		Release|Any CPU = Release|Any CPU
	EndGlobalSection
	GlobalSection(ProjectConfigurationPlatforms) = postSolution
		{E36E837A-5BCF-4F8B-86CA-ADD750D0CBA1}.Debug|Any CPU.ActiveCfg = Debug|Any CPU
		{E36E837A-5BCF-4F8B-86CA-ADD750D0CBA1}.Debug|Any CPU.Build.0 = Debug|Any CPU
		{E36E837A-5BCF-4F8B-86CA-ADD750D0CBA1}.Release|Any CPU.ActiveCfg = Release|Any CPU
		{E36E837A-5BCF-4F8B-86CA-ADD750D0CBA1}.Release|Any CPU.Build.0 = Release|Any CPU
	EndGlobalSection
	GlobalSection(SolutionProperties) = preSolution
		HideSolutionNode = FALSE
	EndGlobalSection
	GlobalSection(ExtensibilityGlobals) = postSolution
		SolutionGuid = {A54AAD9E-5B33-4C2A-BA3A-4C1FABECBC28}
	EndGlobalSection
EndGlobal
